
Microsoft Visual Studio Solution File, Format Version 12.00
# Visual Studio Version 17
VisualStudioVersion = 17.7.34024.191
MinimumVisualStudioVersion = 10.0.40219.1
Project("{9A19103F-16F7-4668-BE54-9A1E7A4F7556}") = "BitFinexP2PServer", "BitFinexP2PServer\BitFinexP2PServer.csproj", "{0E1CFFF7-7934-4A35-8B73-10621D7720EF}"
EndProject
Project("{2150E333-8FDC-42A3-9474-1A3956D46DE8}") = "BitFinexServer", "BitFinexServer", "{9DF19BE9-EF3B-4D12-AD94-4E4F73D13437}"
EndProject
Project("{2150E333-8FDC-42A3-9474-1A3956D46DE8}") = "BitFinexClient", "BitFinexClient", "{969D9890-F8FC-46C8-97F7-1A5E8C37F071}"
EndProject
Project("{FAE04EC0-301F-11D3-BF4B-00C04F79EFBC}") = "BitFinexP2PClient", "BitFinexP2PClient\BitFinexP2PClient.csproj", "{C5B06D5B-2512-4D41-A207-62B5EA963521}"
EndProject
Global
	GlobalSection(SolutionConfigurationPlatforms) = preSolution
		Debug|Any CPU = Debug|Any CPU
		Release|Any CPU = Release|Any CPU
	EndGlobalSection
	GlobalSection(ProjectConfigurationPlatforms) = postSolution
		{0E1CFFF7-7934-4A35-8B73-10621D7720EF}.Debug|Any CPU.ActiveCfg = Debug|Any CPU
		{0E1CFFF7-7934-4A35-8B73-10621D7720EF}.Debug|Any CPU.Build.0 = Debug|Any CPU
		{0E1CFFF7-7934-4A35-8B73-10621D7720EF}.Release|Any CPU.ActiveCfg = Release|Any CPU
		{0E1CFFF7-7934-4A35-8B73-10621D7720EF}.Release|Any CPU.Build.0 = Release|Any CPU
		{C5B06D5B-2512-4D41-A207-62B5EA963521}.Debug|Any CPU.ActiveCfg = Debug|Any CPU
		{C5B06D5B-2512-4D41-A207-62B5EA963521}.Debug|Any CPU.Build.0 = Debug|Any CPU
		{C5B06D5B-2512-4D41-A207-62B5EA963521}.Release|Any CPU.ActiveCfg = Release|Any CPU
		{C5B06D5B-2512-4D41-A207-62B5EA963521}.Release|Any CPU.Build.0 = Release|Any CPU
	EndGlobalSection
	GlobalSection(SolutionProperties) = preSolution
		HideSolutionNode = FALSE
	EndGlobalSection
	GlobalSection(NestedProjects) = preSolution
		{0E1CFFF7-7934-4A35-8B73-10621D7720EF} = {9DF19BE9-EF3B-4D12-AD94-4E4F73D13437}
		{C5B06D5B-2512-4D41-A207-62B5EA963521} = {969D9890-F8FC-46C8-97F7-1A5E8C37F071}
	EndGlobalSection
	GlobalSection(ExtensibilityGlobals) = postSolution
		SolutionGuid = {8CB1D8AE-2DFA-4E4A-9F97-A3D57304DE26}
	EndGlobalSection
EndGlobal
